
Microsoft Visual Studio Solution File, Format Version 12.00
# Visual Studio Version 16
VisualStudioVersion = 16.0.29613.14
MinimumVisualStudioVersion = 10.0.40219.1
Project("{9A19103F-16F7-4668-BE54-9A1E7A4F7556}") = "TrackConv", "TrackConv\TrackConv.csproj", "{076891BD-3BB9-4429-ABEF-8EFB5FD3B717}"
EndProject
Project("{FAE04EC0-301F-11D3-BF4B-00C04F79EFBC}") = "TestYM2151", "TestYM2151\TestYM2151.csproj", "{4C97C737-D67E-4FBC-954A-F0A95D229005}"
EndProject
Project("{9A19103F-16F7-4668-BE54-9A1E7A4F7556}") = "YM2151", "YM2151\YM2151.csproj", "{8F8C7301-2C09-4B9A-9405-6433F92C6C20}"
EndProject
Project("{FAE04EC0-301F-11D3-BF4B-00C04F79EFBC}") = "VGMRead", "VGMRead\VGMRead.csproj", "{F8F4C9E0-296E-4CF6-BC5C-A1566109BFF1}"
EndProject
Global
	GlobalSection(SolutionConfigurationPlatforms) = preSolution
		Debug|Any CPU = Debug|Any CPU
		Release|Any CPU = Release|Any CPU
	EndGlobalSection
	GlobalSection(ProjectConfigurationPlatforms) = postSolution
		{076891BD-3BB9-4429-ABEF-8EFB5FD3B717}.Debug|Any CPU.ActiveCfg = Debug|Any CPU
		{076891BD-3BB9-4429-ABEF-8EFB5FD3B717}.Debug|Any CPU.Build.0 = Debug|Any CPU
		{076891BD-3BB9-4429-ABEF-8EFB5FD3B717}.Release|Any CPU.ActiveCfg = Release|Any CPU
		{076891BD-3BB9-4429-ABEF-8EFB5FD3B717}.Release|Any CPU.Build.0 = Release|Any CPU
		{4C97C737-D67E-4FBC-954A-F0A95D229005}.Debug|Any CPU.ActiveCfg = Debug|Any CPU
		{4C97C737-D67E-4FBC-954A-F0A95D229005}.Debug|Any CPU.Build.0 = Debug|Any CPU
		{4C97C737-D67E-4FBC-954A-F0A95D229005}.Release|Any CPU.ActiveCfg = Release|Any CPU
		{4C97C737-D67E-4FBC-954A-F0A95D229005}.Release|Any CPU.Build.0 = Release|Any CPU
		{8F8C7301-2C09-4B9A-9405-6433F92C6C20}.Debug|Any CPU.ActiveCfg = Debug|Any CPU
		{8F8C7301-2C09-4B9A-9405-6433F92C6C20}.Debug|Any CPU.Build.0 = Debug|Any CPU
		{8F8C7301-2C09-4B9A-9405-6433F92C6C20}.Release|Any CPU.ActiveCfg = Release|Any CPU
		{8F8C7301-2C09-4B9A-9405-6433F92C6C20}.Release|Any CPU.Build.0 = Release|Any CPU
		{F8F4C9E0-296E-4CF6-BC5C-A1566109BFF1}.Debug|Any CPU.ActiveCfg = Debug|Any CPU
		{F8F4C9E0-296E-4CF6-BC5C-A1566109BFF1}.Debug|Any CPU.Build.0 = Debug|Any CPU
		{F8F4C9E0-296E-4CF6-BC5C-A1566109BFF1}.Release|Any CPU.ActiveCfg = Release|Any CPU
		{F8F4C9E0-296E-4CF6-BC5C-A1566109BFF1}.Release|Any CPU.Build.0 = Release|Any CPU
	EndGlobalSection
	GlobalSection(SolutionProperties) = preSolution
		HideSolutionNode = FALSE
	EndGlobalSection
	GlobalSection(ExtensibilityGlobals) = postSolution
		SolutionGuid = {1BD27F78-A402-4900-ADCA-33050877044F}
	EndGlobalSection
EndGlobal
